
Microsoft Visual Studio Solution File, Format Version 12.00
# Visual Studio Version 17
VisualStudioVersion = 17.14.36623.8
MinimumVisualStudioVersion = 10.0.40219.1
Project("{FAE04EC0-301F-11D3-BF4B-00C04F79EFBC}") = "SuporteTI.Api", "SuporteTI.Api\SuporteTI.Api.csproj", "{2B5E7F2D-0F4B-4F41-BD4B-ABED11A3489B}"
EndProject
Project("{FAE04EC0-301F-11D3-BF4B-00C04F79EFBC}") = "SuporteTI.Web", "SuporteTI.Web\SuporteTI.Web.csproj", "{22CDA5A0-49F7-4DEC-9285-927D0F88C1E9}"
EndProject
Project("{FAE04EC0-301F-11D3-BF4B-00C04F79EFBC}") = "SuporteTI.Shared", "SuporteTI.Shared\SuporteTI.Shared.csproj", "{771FF69F-D67F-4F78-880D-91F5ADCC6E61}"
EndProject
Project("{FAE04EC0-301F-11D3-BF4B-00C04F79EFBC}") = "SuporteTI.AdminDesktop", "SuporteTI.AdminDesktop\SuporteTI.AdminDesktop.csproj", "{FAC05C30-E6EA-4077-AC39-E294E2BF50DB}"
EndProject
Project("{FAE04EC0-301F-11D3-BF4B-00C04F79EFBC}") = "HelpDesk.Mobile", "HelpDesk.Mobile\HelpDesk.Mobile.csproj", "{1CE90773-12FF-5D08-EDFD-ABAC4E93E04E}"
EndProject
Global
	GlobalSection(SolutionConfigurationPlatforms) = preSolution
		Debug|Any CPU = Debug|Any CPU
		Release|Any CPU = Release|Any CPU
	EndGlobalSection
	GlobalSection(ProjectConfigurationPlatforms) = postSolution
		{2B5E7F2D-0F4B-4F41-BD4B-ABED11A3489B}.Debug|Any CPU.ActiveCfg = Debug|Any CPU
		{2B5E7F2D-0F4B-4F41-BD4B-ABED11A3489B}.Debug|Any CPU.Build.0 = Debug|Any CPU
		{2B5E7F2D-0F4B-4F41-BD4B-ABED11A3489B}.Release|Any CPU.ActiveCfg = Release|Any CPU
		{2B5E7F2D-0F4B-4F41-BD4B-ABED11A3489B}.Release|Any CPU.Build.0 = Release|Any CPU
		{22CDA5A0-49F7-4DEC-9285-927D0F88C1E9}.Debug|Any CPU.ActiveCfg = Debug|Any CPU
		{22CDA5A0-49F7-4DEC-9285-927D0F88C1E9}.Debug|Any CPU.Build.0 = Debug|Any CPU
		{22CDA5A0-49F7-4DEC-9285-927D0F88C1E9}.Release|Any CPU.ActiveCfg = Release|Any CPU
		{22CDA5A0-49F7-4DEC-9285-927D0F88C1E9}.Release|Any CPU.Build.0 = Release|Any CPU
		{771FF69F-D67F-4F78-880D-91F5ADCC6E61}.Debug|Any CPU.ActiveCfg = Debug|Any CPU
		{771FF69F-D67F-4F78-880D-91F5ADCC6E61}.Debug|Any CPU.Build.0 = Debug|Any CPU
		{771FF69F-D67F-4F78-880D-91F5ADCC6E61}.Release|Any CPU.ActiveCfg = Release|Any CPU
		{771FF69F-D67F-4F78-880D-91F5ADCC6E61}.Release|Any CPU.Build.0 = Release|Any CPU
		{FAC05C30-E6EA-4077-AC39-E294E2BF50DB}.Debug|Any CPU.ActiveCfg = Debug|Any CPU
		{FAC05C30-E6EA-4077-AC39-E294E2BF50DB}.Debug|Any CPU.Build.0 = Debug|Any CPU
		{FAC05C30-E6EA-4077-AC39-E294E2BF50DB}.Release|Any CPU.ActiveCfg = Release|Any CPU
		{FAC05C30-E6EA-4077-AC39-E294E2BF50DB}.Release|Any CPU.Build.0 = Release|Any CPU
		{1CE90773-12FF-5D08-EDFD-ABAC4E93E04E}.Debug|Any CPU.ActiveCfg = Debug|Any CPU
		{1CE90773-12FF-5D08-EDFD-ABAC4E93E04E}.Debug|Any CPU.Build.0 = Debug|Any CPU
		{1CE90773-12FF-5D08-EDFD-ABAC4E93E04E}.Release|Any CPU.ActiveCfg = Release|Any CPU
		{1CE90773-12FF-5D08-EDFD-ABAC4E93E04E}.Release|Any CPU.Build.0 = Release|Any CPU
	EndGlobalSection
	GlobalSection(SolutionProperties) = preSolution
		HideSolutionNode = FALSE
	EndGlobalSection
	GlobalSection(ExtensibilityGlobals) = postSolution
		SolutionGuid = {E074F254-8DCA-4492-B7AD-1EF5903D2604}
	EndGlobalSection
EndGlobal
